// !$*UTF8*$!
{
	archiveVersion = 1;
	classes = {
	};
	objectVersion = 51;
	objects = {

/* Begin PBXBuildFile section */
		0ECFFF70F4396DAD68D15F65 /* Pods_FlixTests.framework in Frameworks */ = {isa = PBXBuildFile; fileRef = 023DE2779DDC82009E4EFAD0 /* Pods_FlixTests.framework */; };
		163C3D2A464B00BF6B45C531 /* Pods_Flix_FlixUITests.framework in Frameworks */ = {isa = PBXBuildFile; fileRef = 121D626774365CE3B6652A9C /* Pods_Flix_FlixUITests.framework */; };
		A6E9D1642683904D00B4640C /* AppDelegate.m in Sources */ = {isa = PBXBuildFile; fileRef = A6E9D1632683904D00B4640C /* AppDelegate.m */; };
		A6E9D1672683904D00B4640C /* SceneDelegate.m in Sources */ = {isa = PBXBuildFile; fileRef = A6E9D1662683904D00B4640C /* SceneDelegate.m */; };
		A6E9D16D2683904D00B4640C /* Main.storyboard in Resources */ = {isa = PBXBuildFile; fileRef = A6E9D16B2683904D00B4640C /* Main.storyboard */; };
		A6E9D16F2683904F00B4640C /* Assets.xcassets in Resources */ = {isa = PBXBuildFile; fileRef = A6E9D16E2683904F00B4640C /* Assets.xcassets */; };
		A6E9D1722683904F00B4640C /* LaunchScreen.storyboard in Resources */ = {isa = PBXBuildFile; fileRef = A6E9D1702683904F00B4640C /* LaunchScreen.storyboard */; };
		A6E9D1752683904F00B4640C /* main.m in Sources */ = {isa = PBXBuildFile; fileRef = A6E9D1742683904F00B4640C /* main.m */; };
		A6E9D17F2683904F00B4640C /* FlixTests.m in Sources */ = {isa = PBXBuildFile; fileRef = A6E9D17E2683904F00B4640C /* FlixTests.m */; };
		A6E9D18A2683904F00B4640C /* FlixUITests.m in Sources */ = {isa = PBXBuildFile; fileRef = A6E9D1892683904F00B4640C /* FlixUITests.m */; };
		A6E9D1992683987B00B4640C /* MoviesViewController.m in Sources */ = {isa = PBXBuildFile; fileRef = A6E9D1982683987B00B4640C /* MoviesViewController.m */; };
		A6E9D19F26843D0A00B4640C /* MovieCell.m in Sources */ = {isa = PBXBuildFile; fileRef = A6E9D19E26843D0A00B4640C /* MovieCell.m */; };
		A6E9D1A2268458A800B4640C /* DetailsViewController.m in Sources */ = {isa = PBXBuildFile; fileRef = A6E9D1A1268458A800B4640C /* DetailsViewController.m */; };
		A6E9D1A52684704A00B4640C /* MoviesGridViewController.m in Sources */ = {isa = PBXBuildFile; fileRef = A6E9D1A42684704A00B4640C /* MoviesGridViewController.m */; };
		A6E9D1A8268472CF00B4640C /* MovieCollectionCell.m in Sources */ = {isa = PBXBuildFile; fileRef = A6E9D1A7268472CF00B4640C /* MovieCollectionCell.m */; };
		B0014936D7FAE88D2EBA89B0 /* Pods_Flix.framework in Frameworks */ = {isa = PBXBuildFile; fileRef = 4B2EDC933874237B9414D785 /* Pods_Flix.framework */; };
/* End PBXBuildFile section */

/* Begin PBXContainerItemProxy section */
		A6E9D17B2683904F00B4640C /* PBXContainerItemProxy */ = {
			isa = PBXContainerItemProxy;
			containerPortal = A6E9D1572683904D00B4640C /* Project object */;
			proxyType = 1;
			remoteGlobalIDString = A6E9D15E2683904D00B4640C;
			remoteInfo = Flix;
		};
		A6E9D1862683904F00B4640C /* PBXContainerItemProxy */ = {
			isa = PBXContainerItemProxy;
			containerPortal = A6E9D1572683904D00B4640C /* Project object */;
			proxyType = 1;
			remoteGlobalIDString = A6E9D15E2683904D00B4640C;
			remoteInfo = Flix;
		};
/* End PBXContainerItemProxy section */

/* Begin PBXFileReference section */
		023DE2779DDC82009E4EFAD0 /* Pods_FlixTests.framework */ = {isa = PBXFileReference; explicitFileType = wrapper.framework; includeInIndex = 0; path = Pods_FlixTests.framework; sourceTree = BUILT_PRODUCTS_DIR; };
		121D626774365CE3B6652A9C /* Pods_Flix_FlixUITests.framework */ = {isa = PBXFileReference; explicitFileType = wrapper.framework; includeInIndex = 0; path = Pods_Flix_FlixUITests.framework; sourceTree = BUILT_PRODUCTS_DIR; };
		47FD2B2306A1EDDB15D15AE2 /* Pods-Flix-FlixUITests.debug.xcconfig */ = {isa = PBXFileReference; includeInIndex = 1; lastKnownFileType = text.xcconfig; name = "Pods-Flix-FlixUITests.debug.xcconfig"; path = "Target Support Files/Pods-Flix-FlixUITests/Pods-Flix-FlixUITests.debug.xcconfig"; sourceTree = "<group>"; };
		4B2EDC933874237B9414D785 /* Pods_Flix.framework */ = {isa = PBXFileReference; explicitFileType = wrapper.framework; includeInIndex = 0; path = Pods_Flix.framework; sourceTree = BUILT_PRODUCTS_DIR; };
		6D46CDE9EACFEEBE698B1C8C /* Pods-Flix.release.xcconfig */ = {isa = PBXFileReference; includeInIndex = 1; lastKnownFileType = text.xcconfig; name = "Pods-Flix.release.xcconfig"; path = "Target Support Files/Pods-Flix/Pods-Flix.release.xcconfig"; sourceTree = "<group>"; };
		7D13D07CDB535F5B83902457 /* Pods-FlixTests.debug.xcconfig */ = {isa = PBXFileReference; includeInIndex = 1; lastKnownFileType = text.xcconfig; name = "Pods-FlixTests.debug.xcconfig"; path = "Target Support Files/Pods-FlixTests/Pods-FlixTests.debug.xcconfig"; sourceTree = "<group>"; };
		9A2AD3F09CD59DDB7444F909 /* Pods-Flix-FlixUITests.release.xcconfig */ = {isa = PBXFileReference; includeInIndex = 1; lastKnownFileType = text.xcconfig; name = "Pods-Flix-FlixUITests.release.xcconfig"; path = "Target Support Files/Pods-Flix-FlixUITests/Pods-Flix-FlixUITests.release.xcconfig"; sourceTree = "<group>"; };
		A6E9D15F2683904D00B4640C /* Flix.app */ = {isa = PBXFileReference; explicitFileType = wrapper.application; includeInIndex = 0; path = Flix.app; sourceTree = BUILT_PRODUCTS_DIR; };
		A6E9D1622683904D00B4640C /* AppDelegate.h */ = {isa = PBXFileReference; lastKnownFileType = sourcecode.c.h; path = AppDelegate.h; sourceTree = "<group>"; };
		A6E9D1632683904D00B4640C /* AppDelegate.m */ = {isa = PBXFileReference; lastKnownFileType = sourcecode.c.objc; path = AppDelegate.m; sourceTree = "<group>"; };
		A6E9D1652683904D00B4640C /* SceneDelegate.h */ = {isa = PBXFileReference; lastKnownFileType = sourcecode.c.h; path = SceneDelegate.h; sourceTree = "<group>"; };
		A6E9D1662683904D00B4640C /* SceneDelegate.m */ = {isa = PBXFileReference; lastKnownFileType = sourcecode.c.objc; path = SceneDelegate.m; sourceTree = "<group>"; };
		A6E9D16C2683904D00B4640C /* Base */ = {isa = PBXFileReference; lastKnownFileType = file.storyboard; name = Base; path = Base.lproj/Main.storyboard; sourceTree = "<group>"; };
		A6E9D16E2683904F00B4640C /* Assets.xcassets */ = {isa = PBXFileReference; lastKnownFileType = folder.assetcatalog; path = Assets.xcassets; sourceTree = "<group>"; };
		A6E9D1712683904F00B4640C /* Base */ = {isa = PBXFileReference; lastKnownFileType = file.storyboard; name = Base; path = Base.lproj/LaunchScreen.storyboard; sourceTree = "<group>"; };
		A6E9D1732683904F00B4640C /* Info.plist */ = {isa = PBXFileReference; lastKnownFileType = text.plist.xml; path = Info.plist; sourceTree = "<group>"; };
		A6E9D1742683904F00B4640C /* main.m */ = {isa = PBXFileReference; lastKnownFileType = sourcecode.c.objc; path = main.m; sourceTree = "<group>"; };
		A6E9D17A2683904F00B4640C /* FlixTests.xctest */ = {isa = PBXFileReference; explicitFileType = wrapper.cfbundle; includeInIndex = 0; path = FlixTests.xctest; sourceTree = BUILT_PRODUCTS_DIR; };
		A6E9D17E2683904F00B4640C /* FlixTests.m */ = {isa = PBXFileReference; lastKnownFileType = sourcecode.c.objc; path = FlixTests.m; sourceTree = "<group>"; };
		A6E9D1802683904F00B4640C /* Info.plist */ = {isa = PBXFileReference; lastKnownFileType = text.plist.xml; path = Info.plist; sourceTree = "<group>"; };
		A6E9D1852683904F00B4640C /* FlixUITests.xctest */ = {isa = PBXFileReference; explicitFileType = wrapper.cfbundle; includeInIndex = 0; path = FlixUITests.xctest; sourceTree = BUILT_PRODUCTS_DIR; };
		A6E9D1892683904F00B4640C /* FlixUITests.m */ = {isa = PBXFileReference; lastKnownFileType = sourcecode.c.objc; path = FlixUITests.m; sourceTree = "<group>"; };
		A6E9D18B2683904F00B4640C /* Info.plist */ = {isa = PBXFileReference; lastKnownFileType = text.plist.xml; path = Info.plist; sourceTree = "<group>"; };
		A6E9D1972683987B00B4640C /* MoviesViewController.h */ = {isa = PBXFileReference; lastKnownFileType = sourcecode.c.h; path = MoviesViewController.h; sourceTree = "<group>"; };
		A6E9D1982683987B00B4640C /* MoviesViewController.m */ = {isa = PBXFileReference; lastKnownFileType = sourcecode.c.objc; path = MoviesViewController.m; sourceTree = "<group>"; };
		A6E9D19D26843D0A00B4640C /* MovieCell.h */ = {isa = PBXFileReference; lastKnownFileType = sourcecode.c.h; path = MovieCell.h; sourceTree = "<group>"; };
		A6E9D19E26843D0A00B4640C /* MovieCell.m */ = {isa = PBXFileReference; lastKnownFileType = sourcecode.c.objc; path = MovieCell.m; sourceTree = "<group>"; };
		A6E9D1A0268458A800B4640C /* DetailsViewController.h */ = {isa = PBXFileReference; lastKnownFileType = sourcecode.c.h; path = DetailsViewController.h; sourceTree = "<group>"; };
		A6E9D1A1268458A800B4640C /* DetailsViewController.m */ = {isa = PBXFileReference; lastKnownFileType = sourcecode.c.objc; path = DetailsViewController.m; sourceTree = "<group>"; };
		A6E9D1A32684704A00B4640C /* MoviesGridViewController.h */ = {isa = PBXFileReference; lastKnownFileType = sourcecode.c.h; path = MoviesGridViewController.h; sourceTree = "<group>"; };
		A6E9D1A42684704A00B4640C /* MoviesGridViewController.m */ = {isa = PBXFileReference; lastKnownFileType = sourcecode.c.objc; path = MoviesGridViewController.m; sourceTree = "<group>"; };
		A6E9D1A6268472CF00B4640C /* MovieCollectionCell.h */ = {isa = PBXFileReference; lastKnownFileType = sourcecode.c.h; path = MovieCollectionCell.h; sourceTree = "<group>"; };
		A6E9D1A7268472CF00B4640C /* MovieCollectionCell.m */ = {isa = PBXFileReference; lastKnownFileType = sourcecode.c.objc; path = MovieCollectionCell.m; sourceTree = "<group>"; };
		DB7BDE120B01D20BDAFAFCCF /* Pods-FlixTests.release.xcconfig */ = {isa = PBXFileReference; includeInIndex = 1; lastKnownFileType = text.xcconfig; name = "Pods-FlixTests.release.xcconfig"; path = "Target Support Files/Pods-FlixTests/Pods-FlixTests.release.xcconfig"; sourceTree = "<group>"; };
		E5EAE62F6A6D6C95F7FD3006 /* Pods-Flix.debug.xcconfig */ = {isa = PBXFileReference; includeInIndex = 1; lastKnownFileType = text.xcconfig; name = "Pods-Flix.debug.xcconfig"; path = "Target Support Files/Pods-Flix/Pods-Flix.debug.xcconfig"; sourceTree = "<group>"; };
/* End PBXFileReference section */

/* Begin PBXFrameworksBuildPhase section */
		A6E9D15C2683904D00B4640C /* Frameworks */ = {
			isa = PBXFrameworksBuildPhase;
			buildActionMask = 2147483647;
			files = (
				B0014936D7FAE88D2EBA89B0 /* Pods_Flix.framework in Frameworks */,
			);
			runOnlyForDeploymentPostprocessing = 0;
		};
		A6E9D1772683904F00B4640C /* Frameworks */ = {
			isa = PBXFrameworksBuildPhase;
			buildActionMask = 2147483647;
			files = (
				0ECFFF70F4396DAD68D15F65 /* Pods_FlixTests.framework in Frameworks */,
			);
			runOnlyForDeploymentPostprocessing = 0;
		};
		A6E9D1822683904F00B4640C /* Frameworks */ = {
			isa = PBXFrameworksBuildPhase;
			buildActionMask = 2147483647;
			files = (
				163C3D2A464B00BF6B45C531 /* Pods_Flix_FlixUITests.framework in Frameworks */,
			);
			runOnlyForDeploymentPostprocessing = 0;
		};
/* End PBXFrameworksBuildPhase section */

/* Begin PBXGroup section */
		729C1F8855F09504E237BA3D /* Pods */ = {
			isa = PBXGroup;
			children = (
				E5EAE62F6A6D6C95F7FD3006 /* Pods-Flix.debug.xcconfig */,
				6D46CDE9EACFEEBE698B1C8C /* Pods-Flix.release.xcconfig */,
				47FD2B2306A1EDDB15D15AE2 /* Pods-Flix-FlixUITests.debug.xcconfig */,
				9A2AD3F09CD59DDB7444F909 /* Pods-Flix-FlixUITests.release.xcconfig */,
				7D13D07CDB535F5B83902457 /* Pods-FlixTests.debug.xcconfig */,
				DB7BDE120B01D20BDAFAFCCF /* Pods-FlixTests.release.xcconfig */,
			);
			path = Pods;
			sourceTree = "<group>";
		};
		A6E9D1562683904D00B4640C = {
			isa = PBXGroup;
			children = (
				A6E9D1612683904D00B4640C /* Flix */,
				A6E9D17D2683904F00B4640C /* FlixTests */,
				A6E9D1882683904F00B4640C /* FlixUITests */,
				A6E9D1602683904D00B4640C /* Products */,
				729C1F8855F09504E237BA3D /* Pods */,
				C55758EB01509D17F9EE0AC8 /* Frameworks */,
			);
			sourceTree = "<group>";
		};
		A6E9D1602683904D00B4640C /* Products */ = {
			isa = PBXGroup;
			children = (
				A6E9D15F2683904D00B4640C /* Flix.app */,
				A6E9D17A2683904F00B4640C /* FlixTests.xctest */,
				A6E9D1852683904F00B4640C /* FlixUITests.xctest */,
			);
			name = Products;
			sourceTree = "<group>";
		};
		A6E9D1612683904D00B4640C /* Flix */ = {
			isa = PBXGroup;
			children = (
				A6E9D19C2683992400B4640C /* Models */,
				A6E9D19B2683991E00B4640C /* View Controllers */,
				A6E9D19A2683991700B4640C /* Views */,
				A6E9D1622683904D00B4640C /* AppDelegate.h */,
				A6E9D1632683904D00B4640C /* AppDelegate.m */,
				A6E9D1652683904D00B4640C /* SceneDelegate.h */,
				A6E9D1662683904D00B4640C /* SceneDelegate.m */,
				A6E9D16B2683904D00B4640C /* Main.storyboard */,
				A6E9D16E2683904F00B4640C /* Assets.xcassets */,
				A6E9D1702683904F00B4640C /* LaunchScreen.storyboard */,
				A6E9D1732683904F00B4640C /* Info.plist */,
				A6E9D1742683904F00B4640C /* main.m */,
			);
			path = Flix;
			sourceTree = "<group>";
		};
		A6E9D17D2683904F00B4640C /* FlixTests */ = {
			isa = PBXGroup;
			children = (
				A6E9D17E2683904F00B4640C /* FlixTests.m */,
				A6E9D1802683904F00B4640C /* Info.plist */,
			);
			path = FlixTests;
			sourceTree = "<group>";
		};
		A6E9D1882683904F00B4640C /* FlixUITests */ = {
			isa = PBXGroup;
			children = (
				A6E9D1892683904F00B4640C /* FlixUITests.m */,
				A6E9D18B2683904F00B4640C /* Info.plist */,
			);
			path = FlixUITests;
			sourceTree = "<group>";
		};
		A6E9D19A2683991700B4640C /* Views */ = {
			isa = PBXGroup;
			children = (
				A6E9D19D26843D0A00B4640C /* MovieCell.h */,
				A6E9D19E26843D0A00B4640C /* MovieCell.m */,
				A6E9D1A6268472CF00B4640C /* MovieCollectionCell.h */,
				A6E9D1A7268472CF00B4640C /* MovieCollectionCell.m */,
			);
			path = Views;
			sourceTree = "<group>";
		};
		A6E9D19B2683991E00B4640C /* View Controllers */ = {
			isa = PBXGroup;
			children = (
				A6E9D1972683987B00B4640C /* MoviesViewController.h */,
				A6E9D1982683987B00B4640C /* MoviesViewController.m */,
				A6E9D1A0268458A800B4640C /* DetailsViewController.h */,
				A6E9D1A1268458A800B4640C /* DetailsViewController.m */,
				A6E9D1A32684704A00B4640C /* MoviesGridViewController.h */,
				A6E9D1A42684704A00B4640C /* MoviesGridViewController.m */,
			);
			path = "View Controllers";
			sourceTree = "<group>";
		};
		A6E9D19C2683992400B4640C /* Models */ = {
			isa = PBXGroup;
			children = (
			);
			path = Models;
			sourceTree = "<group>";
		};
		C55758EB01509D17F9EE0AC8 /* Frameworks */ = {
			isa = PBXGroup;
			children = (
				4B2EDC933874237B9414D785 /* Pods_Flix.framework */,
				121D626774365CE3B6652A9C /* Pods_Flix_FlixUITests.framework */,
				023DE2779DDC82009E4EFAD0 /* Pods_FlixTests.framework */,
			);
			name = Frameworks;
			sourceTree = "<group>";
		};
/* End PBXGroup section */

/* Begin PBXNativeTarget section */
		A6E9D15E2683904D00B4640C /* Flix */ = {
			isa = PBXNativeTarget;
			buildConfigurationList = A6E9D18E2683904F00B4640C /* Build configuration list for PBXNativeTarget "Flix" */;
			buildPhases = (
				EAC407B335DC4DEDAD18DD12 /* [CP] Check Pods Manifest.lock */,
				A6E9D15B2683904D00B4640C /* Sources */,
				A6E9D15C2683904D00B4640C /* Frameworks */,
				A6E9D15D2683904D00B4640C /* Resources */,
				DD6415F557E4A4C3A64F410D /* [CP] Embed Pods Frameworks */,
			);
			buildRules = (
			);
			dependencies = (
			);
			name = Flix;
			productName = Flix;
			productReference = A6E9D15F2683904D00B4640C /* Flix.app */;
			productType = "com.apple.product-type.application";
		};
		A6E9D1792683904F00B4640C /* FlixTests */ = {
			isa = PBXNativeTarget;
			buildConfigurationList = A6E9D1912683904F00B4640C /* Build configuration list for PBXNativeTarget "FlixTests" */;
			buildPhases = (
				DD848590058529348D6D57A7 /* [CP] Check Pods Manifest.lock */,
				A6E9D1762683904F00B4640C /* Sources */,
				A6E9D1772683904F00B4640C /* Frameworks */,
				A6E9D1782683904F00B4640C /* Resources */,
			);
			buildRules = (
			);
			dependencies = (
				A6E9D17C2683904F00B4640C /* PBXTargetDependency */,
			);
			name = FlixTests;
			productName = FlixTests;
			productReference = A6E9D17A2683904F00B4640C /* FlixTests.xctest */;
			productType = "com.apple.product-type.bundle.unit-test";
		};
		A6E9D1842683904F00B4640C /* FlixUITests */ = {
			isa = PBXNativeTarget;
			buildConfigurationList = A6E9D1942683904F00B4640C /* Build configuration list for PBXNativeTarget "FlixUITests" */;
			buildPhases = (
				AE151C77092023C370338345 /* [CP] Check Pods Manifest.lock */,
				A6E9D1812683904F00B4640C /* Sources */,
				A6E9D1822683904F00B4640C /* Frameworks */,
				A6E9D1832683904F00B4640C /* Resources */,
				47E731FEE83A2DD0ECDC5F6D /* [CP] Embed Pods Frameworks */,
			);
			buildRules = (
			);
			dependencies = (
				A6E9D1872683904F00B4640C /* PBXTargetDependency */,
			);
			name = FlixUITests;
			productName = FlixUITests;
			productReference = A6E9D1852683904F00B4640C /* FlixUITests.xctest */;
			productType = "com.apple.product-type.bundle.ui-testing";
		};
/* End PBXNativeTarget section */

/* Begin PBXProject section */
		A6E9D1572683904D00B4640C /* Project object */ = {
			isa = PBXProject;
			attributes = {
				LastUpgradeCheck = 1250;
				TargetAttributes = {
					A6E9D15E2683904D00B4640C = {
						CreatedOnToolsVersion = 12.5.1;
					};
					A6E9D1792683904F00B4640C = {
						CreatedOnToolsVersion = 12.5.1;
						TestTargetID = A6E9D15E2683904D00B4640C;
					};
					A6E9D1842683904F00B4640C = {
						CreatedOnToolsVersion = 12.5.1;
						TestTargetID = A6E9D15E2683904D00B4640C;
					};
				};
			};
			buildConfigurationList = A6E9D15A2683904D00B4640C /* Build configuration list for PBXProject "Flix" */;
			compatibilityVersion = "Xcode 9.3";
			developmentRegion = en;
			hasScannedForEncodings = 0;
			knownRegions = (
				en,
				Base,
			);
			mainGroup = A6E9D1562683904D00B4640C;
			productRefGroup = A6E9D1602683904D00B4640C /* Products */;
			projectDirPath = "";
			projectRoot = "";
			targets = (
				A6E9D15E2683904D00B4640C /* Flix */,
				A6E9D1792683904F00B4640C /* FlixTests */,
				A6E9D1842683904F00B4640C /* FlixUITests */,
			);
		};
/* End PBXProject section */

/* Begin PBXResourcesBuildPhase section */
		A6E9D15D2683904D00B4640C /* Resources */ = {
			isa = PBXResourcesBuildPhase;
			buildActionMask = 2147483647;
			files = (
				A6E9D1722683904F00B4640C /* LaunchScreen.storyboard in Resources */,
				A6E9D16F2683904F00B4640C /* Assets.xcassets in Resources */,
				A6E9D16D2683904D00B4640C /* Main.storyboard in Resources */,
			);
			runOnlyForDeploymentPostprocessing = 0;
		};
		A6E9D1782683904F00B4640C /* Resources */ = {
			isa = PBXResourcesBuildPhase;
			buildActionMask = 2147483647;
			files = (
			);
			runOnlyForDeploymentPostprocessing = 0;
		};
		A6E9D1832683904F00B4640C /* Resources */ = {
			isa = PBXResourcesBuildPhase;
			buildActionMask = 2147483647;
			files = (
			);
			runOnlyForDeploymentPostprocessing = 0;
		};
/* End PBXResourcesBuildPhase section */

/* Begin PBXShellScriptBuildPhase section */
		47E731FEE83A2DD0ECDC5F6D /* [CP] Embed Pods Frameworks */ = {
			isa = PBXShellScriptBuildPhase;
			buildActionMask = 2147483647;
			files = (
			);
			inputFileListPaths = (
				"${PODS_ROOT}/Target Support Files/Pods-Flix-FlixUITests/Pods-Flix-FlixUITests-frameworks-${CONFIGURATION}-input-files.xcfilelist",
			);
			name = "[CP] Embed Pods Frameworks";
			outputFileListPaths = (
				"${PODS_ROOT}/Target Support Files/Pods-Flix-FlixUITests/Pods-Flix-FlixUITests-frameworks-${CONFIGURATION}-output-files.xcfilelist",
			);
			runOnlyForDeploymentPostprocessing = 0;
			shellPath = /bin/sh;
			shellScript = "\"${PODS_ROOT}/Target Support Files/Pods-Flix-FlixUITests/Pods-Flix-FlixUITests-frameworks.sh\"\n";
			showEnvVarsInLog = 0;
		};
		AE151C77092023C370338345 /* [CP] Check Pods Manifest.lock */ = {
			isa = PBXShellScriptBuildPhase;
			buildActionMask = 2147483647;
			files = (
			);
			inputFileListPaths = (
			);
			inputPaths = (
				"${PODS_PODFILE_DIR_PATH}/Podfile.lock",
				"${PODS_ROOT}/Manifest.lock",
			);
			name = "[CP] Check Pods Manifest.lock";
			outputFileListPaths = (
			);
			outputPaths = (
				"$(DERIVED_FILE_DIR)/Pods-Flix-FlixUITests-checkManifestLockResult.txt",
			);
			runOnlyForDeploymentPostprocessing = 0;
			shellPath = /bin/sh;
			shellScript = "diff \"${PODS_PODFILE_DIR_PATH}/Podfile.lock\" \"${PODS_ROOT}/Manifest.lock\" > /dev/null\nif [ $? != 0 ] ; then\n    # print error to STDERR\n    echo \"error: The sandbox is not in sync with the Podfile.lock. Run 'pod install' or update your CocoaPods installation.\" >&2\n    exit 1\nfi\n# This output is used by Xcode 'outputs' to avoid re-running this script phase.\necho \"SUCCESS\" > \"${SCRIPT_OUTPUT_FILE_0}\"\n";
			showEnvVarsInLog = 0;
		};
		DD6415F557E4A4C3A64F410D /* [CP] Embed Pods Frameworks */ = {
			isa = PBXShellScriptBuildPhase;
			buildActionMask = 2147483647;
			files = (
			);
			inputFileListPaths = (
				"${PODS_ROOT}/Target Support Files/Pods-Flix/Pods-Flix-frameworks-${CONFIGURATION}-input-files.xcfilelist",
			);
			name = "[CP] Embed Pods Frameworks";
			outputFileListPaths = (
				"${PODS_ROOT}/Target Support Files/Pods-Flix/Pods-Flix-frameworks-${CONFIGURATION}-output-files.xcfilelist",
			);
			runOnlyForDeploymentPostprocessing = 0;
			shellPath = /bin/sh;
			shellScript = "\"${PODS_ROOT}/Target Support Files/Pods-Flix/Pods-Flix-frameworks.sh\"\n";
			showEnvVarsInLog = 0;
		};
		DD848590058529348D6D57A7 /* [CP] Check Pods Manifest.lock */ = {
			isa = PBXShellScriptBuildPhase;
			buildActionMask = 2147483647;
			files = (
			);
			inputFileListPaths = (
			);
			inputPaths = (
				"${PODS_PODFILE_DIR_PATH}/Podfile.lock",
				"${PODS_ROOT}/Manifest.lock",
			);
			name = "[CP] Check Pods Manifest.lock";
			outputFileListPaths = (
			);
			outputPaths = (
				"$(DERIVED_FILE_DIR)/Pods-FlixTests-checkManifestLockResult.txt",
			);
			runOnlyForDeploymentPostprocessing = 0;
			shellPath = /bin/sh;
			shellScript = "diff \"${PODS_PODFILE_DIR_PATH}/Podfile.lock\" \"${PODS_ROOT}/Manifest.lock\" > /dev/null\nif [ $? != 0 ] ; then\n    # print error to STDERR\n    echo \"error: The sandbox is not in sync with the Podfile.lock. Run 'pod install' or update your CocoaPods installation.\" >&2\n    exit 1\nfi\n# This output is used by Xcode 'outputs' to avoid re-running this script phase.\necho \"SUCCESS\" > \"${SCRIPT_OUTPUT_FILE_0}\"\n";
			showEnvVarsInLog = 0;
		};
		EAC407B335DC4DEDAD18DD12 /* [CP] Check Pods Manifest.lock */ = {
			isa = PBXShellScriptBuildPhase;
			buildActionMask = 2147483647;
			files = (
			);
			inputFileListPaths = (
			);
			inputPaths = (
				"${PODS_PODFILE_DIR_PATH}/Podfile.lock",
				"${PODS_ROOT}/Manifest.lock",
			);
			name = "[CP] Check Pods Manifest.lock";
			outputFileListPaths = (
			);
			outputPaths = (
				"$(DERIVED_FILE_DIR)/Pods-Flix-checkManifestLockResult.txt",
			);
			runOnlyForDeploymentPostprocessing = 0;
			shellPath = /bin/sh;
			shellScript = "diff \"${PODS_PODFILE_DIR_PATH}/Podfile.lock\" \"${PODS_ROOT}/Manifest.lock\" > /dev/null\nif [ $? != 0 ] ; then\n    # print error to STDERR\n    echo \"error: The sandbox is not in sync with the Podfile.lock. Run 'pod install' or update your CocoaPods installation.\" >&2\n    exit 1\nfi\n# This output is used by Xcode 'outputs' to avoid re-running this script phase.\necho \"SUCCESS\" > \"${SCRIPT_OUTPUT_FILE_0}\"\n";
			showEnvVarsInLog = 0;
		};
/* End PBXShellScriptBuildPhase section */

/* Begin PBXSourcesBuildPhase section */
		A6E9D15B2683904D00B4640C /* Sources */ = {
			isa = PBXSourcesBuildPhase;
			buildActionMask = 2147483647;
			files = (
				A6E9D1642683904D00B4640C /* AppDelegate.m in Sources */,
				A6E9D19F26843D0A00B4640C /* MovieCell.m in Sources */,
				A6E9D1992683987B00B4640C /* MoviesViewController.m in Sources */,
				A6E9D1A2268458A800B4640C /* DetailsViewController.m in Sources */,
				A6E9D1A8268472CF00B4640C /* MovieCollectionCell.m in Sources */,
				A6E9D1752683904F00B4640C /* main.m in Sources */,
				A6E9D1672683904D00B4640C /* SceneDelegate.m in Sources */,
				A6E9D1A52684704A00B4640C /* MoviesGridViewController.m in Sources */,
			);
			runOnlyForDeploymentPostprocessing = 0;
		};
		A6E9D1762683904F00B4640C /* Sources */ = {
			isa = PBXSourcesBuildPhase;
			buildActionMask = 2147483647;
			files = (
				A6E9D17F2683904F00B4640C /* FlixTests.m in Sources */,
			);
			runOnlyForDeploymentPostprocessing = 0;
		};
		A6E9D1812683904F00B4640C /* Sources */ = {
			isa = PBXSourcesBuildPhase;
			buildActionMask = 2147483647;
			files = (
				A6E9D18A2683904F00B4640C /* FlixUITests.m in Sources */,
			);
			runOnlyForDeploymentPostprocessing = 0;
		};
/* End PBXSourcesBuildPhase section */

/* Begin PBXTargetDependency section */
		A6E9D17C2683904F00B4640C /* PBXTargetDependency */ = {
			isa = PBXTargetDependency;
			target = A6E9D15E2683904D00B4640C /* Flix */;
			targetProxy = A6E9D17B2683904F00B4640C /* PBXContainerItemProxy */;
		};
		A6E9D1872683904F00B4640C /* PBXTargetDependency */ = {
			isa = PBXTargetDependency;
			target = A6E9D15E2683904D00B4640C /* Flix */;
			targetProxy = A6E9D1862683904F00B4640C /* PBXContainerItemProxy */;
		};
/* End PBXTargetDependency section */

/* Begin PBXVariantGroup section */
		A6E9D16B2683904D00B4640C /* Main.storyboard */ = {
			isa = PBXVariantGroup;
			children = (
				A6E9D16C2683904D00B4640C /* Base */,
			);
			name = Main.storyboard;
			sourceTree = "<group>";
		};
		A6E9D1702683904F00B4640C /* LaunchScreen.storyboard */ = {
			isa = PBXVariantGroup;
			children = (
				A6E9D1712683904F00B4640C /* Base */,
			);
			name = LaunchScreen.storyboard;
			sourceTree = "<group>";
		};
/* End PBXVariantGroup section */

/* Begin XCBuildConfiguration section */
		A6E9D18C2683904F00B4640C /* Debug */ = {
			isa = XCBuildConfiguration;
			buildSettings = {
				ALWAYS_SEARCH_USER_PATHS = NO;
				CLANG_ANALYZER_NONNULL = YES;
				CLANG_ANALYZER_NUMBER_OBJECT_CONVERSION = YES_AGGRESSIVE;
				CLANG_CXX_LANGUAGE_STANDARD = "gnu++14";
				CLANG_CXX_LIBRARY = "libc++";
				CLANG_ENABLE_MODULES = YES;
				CLANG_ENABLE_OBJC_ARC = YES;
				CLANG_ENABLE_OBJC_WEAK = YES;
				CLANG_WARN_BLOCK_CAPTURE_AUTORELEASING = YES;
				CLANG_WARN_BOOL_CONVERSION = YES;
				CLANG_WARN_COMMA = YES;
				CLANG_WARN_CONSTANT_CONVERSION = YES;
				CLANG_WARN_DEPRECATED_OBJC_IMPLEMENTATIONS = YES;
				CLANG_WARN_DIRECT_OBJC_ISA_USAGE = YES_ERROR;
				CLANG_WARN_DOCUMENTATION_COMMENTS = YES;
				CLANG_WARN_EMPTY_BODY = YES;
				CLANG_WARN_ENUM_CONVERSION = YES;
				CLANG_WARN_INFINITE_RECURSION = YES;
				CLANG_WARN_INT_CONVERSION = YES;
				CLANG_WARN_NON_LITERAL_NULL_CONVERSION = YES;
				CLANG_WARN_OBJC_IMPLICIT_RETAIN_SELF = YES;
				CLANG_WARN_OBJC_LITERAL_CONVERSION = YES;
				CLANG_WARN_OBJC_ROOT_CLASS = YES_ERROR;
				CLANG_WARN_QUOTED_INCLUDE_IN_FRAMEWORK_HEADER = YES;
				CLANG_WARN_RANGE_LOOP_ANALYSIS = YES;
				CLANG_WARN_STRICT_PROTOTYPES = YES;
				CLANG_WARN_SUSPICIOUS_MOVE = YES;
				CLANG_WARN_UNGUARDED_AVAILABILITY = YES_AGGRESSIVE;
				CLANG_WARN_UNREACHABLE_CODE = YES;
				CLANG_WARN__DUPLICATE_METHOD_MATCH = YES;
				COPY_PHASE_STRIP = NO;
				DEBUG_INFORMATION_FORMAT = dwarf;
				ENABLE_STRICT_OBJC_MSGSEND = YES;
				ENABLE_TESTABILITY = YES;
				GCC_C_LANGUAGE_STANDARD = gnu11;
				GCC_DYNAMIC_NO_PIC = NO;
				GCC_NO_COMMON_BLOCKS = YES;
				GCC_OPTIMIZATION_LEVEL = 0;
				GCC_PREPROCESSOR_DEFINITIONS = (
					"DEBUG=1",
					"$(inherited)",
				);
				GCC_WARN_64_TO_32_BIT_CONVERSION = YES;
				GCC_WARN_ABOUT_RETURN_TYPE = YES_ERROR;
				GCC_WARN_UNDECLARED_SELECTOR = YES;
				GCC_WARN_UNINITIALIZED_AUTOS = YES_AGGRESSIVE;
				GCC_WARN_UNUSED_FUNCTION = YES;
				GCC_WARN_UNUSED_VARIABLE = YES;
				IPHONEOS_DEPLOYMENT_TARGET = 14.5;
				MTL_ENABLE_DEBUG_INFO = INCLUDE_SOURCE;
				MTL_FAST_MATH = YES;
				ONLY_ACTIVE_ARCH = YES;
				SDKROOT = iphoneos;
			};
			name = Debug;
		};
		A6E9D18D2683904F00B4640C /* Release */ = {
			isa = XCBuildConfiguration;
			buildSettings = {
				ALWAYS_SEARCH_USER_PATHS = NO;
				CLANG_ANALYZER_NONNULL = YES;
				CLANG_ANALYZER_NUMBER_OBJECT_CONVERSION = YES_AGGRESSIVE;
				CLANG_CXX_LANGUAGE_STANDARD = "gnu++14";
				CLANG_CXX_LIBRARY = "libc++";
				CLANG_ENABLE_MODULES = YES;
				CLANG_ENABLE_OBJC_ARC = YES;
				CLANG_ENABLE_OBJC_WEAK = YES;
				CLANG_WARN_BLOCK_CAPTURE_AUTORELEASING = YES;
				CLANG_WARN_BOOL_CONVERSION = YES;
				CLANG_WARN_COMMA = YES;
				CLANG_WARN_CONSTANT_CONVERSION = YES;
				CLANG_WARN_DEPRECATED_OBJC_IMPLEMENTATIONS = YES;
				CLANG_WARN_DIRECT_OBJC_ISA_USAGE = YES_ERROR;
				CLANG_WARN_DOCUMENTATION_COMMENTS = YES;
				CLANG_WARN_EMPTY_BODY = YES;
				CLANG_WARN_ENUM_CONVERSION = YES;
				CLANG_WARN_INFINITE_RECURSION = YES;
				CLANG_WARN_INT_CONVERSION = YES;
				CLANG_WARN_NON_LITERAL_NULL_CONVERSION = YES;
				CLANG_WARN_OBJC_IMPLICIT_RETAIN_SELF = YES;
				CLANG_WARN_OBJC_LITERAL_CONVERSION = YES;
				CLANG_WARN_OBJC_ROOT_CLASS = YES_ERROR;
				CLANG_WARN_QUOTED_INCLUDE_IN_FRAMEWORK_HEADER = YES;
				CLANG_WARN_RANGE_LOOP_ANALYSIS = YES;
				CLANG_WARN_STRICT_PROTOTYPES = YES;
				CLANG_WARN_SUSPICIOUS_MOVE = YES;
				CLANG_WARN_UNGUARDED_AVAILABILITY = YES_AGGRESSIVE;
				CLANG_WARN_UNREACHABLE_CODE = YES;
				CLANG_WARN__DUPLICATE_METHOD_MATCH = YES;
				COPY_PHASE_STRIP = NO;
				DEBUG_INFORMATION_FORMAT = "dwarf-with-dsym";
				ENABLE_NS_ASSERTIONS = NO;
				ENABLE_STRICT_OBJC_MSGSEND = YES;
				GCC_C_LANGUAGE_STANDARD = gnu11;
				GCC_NO_COMMON_BLOCKS = YES;
				GCC_WARN_64_TO_32_BIT_CONVERSION = YES;
				GCC_WARN_ABOUT_RETURN_TYPE = YES_ERROR;
				GCC_WARN_UNDECLARED_SELECTOR = YES;
				GCC_WARN_UNINITIALIZED_AUTOS = YES_AGGRESSIVE;
				GCC_WARN_UNUSED_FUNCTION = YES;
				GCC_WARN_UNUSED_VARIABLE = YES;
				IPHONEOS_DEPLOYMENT_TARGET = 14.5;
				MTL_ENABLE_DEBUG_INFO = NO;
				MTL_FAST_MATH = YES;
				SDKROOT = iphoneos;
				VALIDATE_PRODUCT = YES;
			};
			name = Release;
		};
		A6E9D18F2683904F00B4640C /* Debug */ = {
			isa = XCBuildConfiguration;
			baseConfigurationReference = E5EAE62F6A6D6C95F7FD3006 /* Pods-Flix.debug.xcconfig */;
			buildSettings = {
				ASSETCATALOG_COMPILER_APPICON_NAME = AppIcon;
				ASSETCATALOG_COMPILER_GLOBAL_ACCENT_COLOR_NAME = AccentColor;
				CODE_SIGN_STYLE = Automatic;
				DEVELOPMENT_TEAM = G99KL6PDPN;
				INFOPLIST_FILE = Flix/Info.plist;
				LD_RUNPATH_SEARCH_PATHS = (
					"$(inherited)",
					"@executable_path/Frameworks",
				);
				PRODUCT_BUNDLE_IDENTIFIER = com.grxcezhxng.Flix;
				PRODUCT_NAME = "$(TARGET_NAME)";
				TARGETED_DEVICE_FAMILY = "1,2";
			};
			name = Debug;
		};
		A6E9D1902683904F00B4640C /* Release */ = {
			isa = XCBuildConfiguration;
			baseConfigurationReference = 6D46CDE9EACFEEBE698B1C8C /* Pods-Flix.release.xcconfig */;
			buildSettings = {
				ASSETCATALOG_COMPILER_APPICON_NAME = AppIcon;
				ASSETCATALOG_COMPILER_GLOBAL_ACCENT_COLOR_NAME = AccentColor;
				CODE_SIGN_STYLE = Automatic;
				DEVELOPMENT_TEAM = G99KL6PDPN;
				INFOPLIST_FILE = Flix/Info.plist;
				LD_RUNPATH_SEARCH_PATHS = (
					"$(inherited)",
					"@executable_path/Frameworks",
				);
				PRODUCT_BUNDLE_IDENTIFIER = com.grxcezhxng.Flix;
				PRODUCT_NAME = "$(TARGET_NAME)";
				TARGETED_DEVICE_FAMILY = "1,2";
			};
			name = Release;
		};
		A6E9D1922683904F00B4640C /* Debug */ = {
			isa = XCBuildConfiguration;
			baseConfigurationReference = 7D13D07CDB535F5B83902457 /* Pods-FlixTests.debug.xcconfig */;
			buildSettings = {
				BUNDLE_LOADER = "$(TEST_HOST)";
				CODE_SIGN_STYLE = Automatic;
				DEVELOPMENT_TEAM = G99KL6PDPN;
				INFOPLIST_FILE = FlixTests/Info.plist;
				IPHONEOS_DEPLOYMENT_TARGET = 14.5;
				LD_RUNPATH_SEARCH_PATHS = (
					"$(inherited)",
					"@executable_path/Frameworks",
					"@loader_path/Frameworks",
				);
				PRODUCT_BUNDLE_IDENTIFIER = com.grxcezhxng.FlixTests;
				PRODUCT_NAME = "$(TARGET_NAME)";
				TARGETED_DEVICE_FAMILY = "1,2";
				TEST_HOST = "$(BUILT_PRODUCTS_DIR)/Flix.app/Flix";
			};
			name = Debug;
		};
		A6E9D1932683904F00B4640C /* Release */ = {
			isa = XCBuildConfiguration;
			baseConfigurationReference = DB7BDE120B01D20BDAFAFCCF /* Pods-FlixTests.release.xcconfig */;
			buildSettings = {
				BUNDLE_LOADER = "$(TEST_HOST)";
				CODE_SIGN_STYLE = Automatic;
				DEVELOPMENT_TEAM = G99KL6PDPN;
				INFOPLIST_FILE = FlixTests/Info.plist;
				IPHONEOS_DEPLOYMENT_TARGET = 14.5;
				LD_RUNPATH_SEARCH_PATHS = (
					"$(inherited)",
					"@executable_path/Frameworks",
					"@loader_path/Frameworks",
				);
				PRODUCT_BUNDLE_IDENTIFIER = com.grxcezhxng.FlixTests;
				PRODUCT_NAME = "$(TARGET_NAME)";
				TARGETED_DEVICE_FAMILY = "1,2";
				TEST_HOST = "$(BUILT_PRODUCTS_DIR)/Flix.app/Flix";
			};
			name = Release;
		};
		A6E9D1952683904F00B4640C /* Debug */ = {
			isa = XCBuildConfiguration;
			baseConfigurationReference = 47FD2B2306A1EDDB15D15AE2 /* Pods-Flix-FlixUITests.debug.xcconfig */;
			buildSettings = {
				CODE_SIGN_STYLE = Automatic;
				DEVELOPMENT_TEAM = G99KL6PDPN;
				INFOPLIST_FILE = FlixUITests/Info.plist;
				LD_RUNPATH_SEARCH_PATHS = (
					"$(inherited)",
					"@executable_path/Frameworks",
					"@loader_path/Frameworks",
				);
				PRODUCT_BUNDLE_IDENTIFIER = com.grxcezhxng.FlixUITests;
				PRODUCT_NAME = "$(TARGET_NAME)";
				TARGETED_DEVICE_FAMILY = "1,2";
				TEST_TARGET_NAME = Flix;
			};
			name = Debug;
		};
		A6E9D1962683904F00B4640C /* Release */ = {
			isa = XCBuildConfiguration;
			baseConfigurationReference = 9A2AD3F09CD59DDB7444F909 /* Pods-Flix-FlixUITests.release.xcconfig */;
			buildSettings = {
				CODE_SIGN_STYLE = Automatic;
				DEVELOPMENT_TEAM = G99KL6PDPN;
				INFOPLIST_FILE = FlixUITests/Info.plist;
				LD_RUNPATH_SEARCH_PATHS = (
					"$(inherited)",
					"@executable_path/Frameworks",
					"@loader_path/Frameworks",
				);
				PRODUCT_BUNDLE_IDENTIFIER = com.grxcezhxng.FlixUITests;
				PRODUCT_NAME = "$(TARGET_NAME)";
				TARGETED_DEVICE_FAMILY = "1,2";
				TEST_TARGET_NAME = Flix;
			};
			name = Release;
		};
/* End XCBuildConfiguration section */

/* Begin XCConfigurationList section */
		A6E9D15A2683904D00B4640C /* Build configuration list for PBXProject "Flix" */ = {
			isa = XCConfigurationList;
			buildConfigurations = (
				A6E9D18C2683904F00B4640C /* Debug */,
				A6E9D18D2683904F00B4640C /* Release */,
			);
			defaultConfigurationIsVisible = 0;
			defaultConfigurationName = Release;
		};
		A6E9D18E2683904F00B4640C /* Build configuration list for PBXNativeTarget "Flix" */ = {
			isa = XCConfigurationList;
			buildConfigurations = (
				A6E9D18F2683904F00B4640C /* Debug */,
				A6E9D1902683904F00B4640C /* Release */,
			);
			defaultConfigurationIsVisible = 0;
			defaultConfigurationName = Release;
		};
		A6E9D1912683904F00B4640C /* Build configuration list for PBXNativeTarget "FlixTests" */ = {
			isa = XCConfigurationList;
			buildConfigurations = (
				A6E9D1922683904F00B4640C /* Debug */,
				A6E9D1932683904F00B4640C /* Release */,
			);
			defaultConfigurationIsVisible = 0;
			defaultConfigurationName = Release;
		};
		A6E9D1942683904F00B4640C /* Build configuration list for PBXNativeTarget "FlixUITests" */ = {
			isa = XCConfigurationList;
			buildConfigurations = (
				A6E9D1952683904F00B4640C /* Debug */,
				A6E9D1962683904F00B4640C /* Release */,
			);
			defaultConfigurationIsVisible = 0;
			defaultConfigurationName = Release;
		};
/* End XCConfigurationList section */
	};
	rootObject = A6E9D1572683904D00B4640C /* Project object */;
}
